
Microsoft Visual Studio Solution File, Format Version 12.00
# Visual Studio 2012
Project("{FAE04EC0-301F-11D3-BF4B-00C04F79EFBC}") = "KalendarzKariery", "KalendarzKariery\KalendarzKariery.csproj", "{7C231524-5F3B-4E35-A009-EB4B87D01AD9}"
EndProject
Project("{FAE04EC0-301F-11D3-BF4B-00C04F79EFBC}") = "KalendarzKariery.Tests", "KalendarzKariery.Tests\KalendarzKariery.Tests.csproj", "{8671DE6A-6498-4E1A-868F-DCBAD3036C17}"
EndProject
Project("{FAE04EC0-301F-11D3-BF4B-00C04F79EFBC}") = "Core", "Core\Core.csproj", "{CEDF82D3-6851-4BC8-9E5E-12FD5D64DE30}"
EndProject
Global
	GlobalSection(SolutionConfigurationPlatforms) = preSolution
		Debug|Any CPU = Debug|Any CPU
		Release|Any CPU = Release|Any CPU
	EndGlobalSection
	GlobalSection(ProjectConfigurationPlatforms) = postSolution
		{7C231524-5F3B-4E35-A009-EB4B87D01AD9}.Debug|Any CPU.ActiveCfg = Debug|Any CPU
		{7C231524-5F3B-4E35-A009-EB4B87D01AD9}.Debug|Any CPU.Build.0 = Debug|Any CPU
		{7C231524-5F3B-4E35-A009-EB4B87D01AD9}.Release|Any CPU.ActiveCfg = Release|Any CPU
		{7C231524-5F3B-4E35-A009-EB4B87D01AD9}.Release|Any CPU.Build.0 = Release|Any CPU
		{8671DE6A-6498-4E1A-868F-DCBAD3036C17}.Debug|Any CPU.ActiveCfg = Debug|Any CPU
		{8671DE6A-6498-4E1A-868F-DCBAD3036C17}.Debug|Any CPU.Build.0 = Debug|Any CPU
		{8671DE6A-6498-4E1A-868F-DCBAD3036C17}.Release|Any CPU.ActiveCfg = Release|Any CPU
		{8671DE6A-6498-4E1A-868F-DCBAD3036C17}.Release|Any CPU.Build.0 = Release|Any CPU
		{CEDF82D3-6851-4BC8-9E5E-12FD5D64DE30}.Debug|Any CPU.ActiveCfg = Debug|Any CPU
		{CEDF82D3-6851-4BC8-9E5E-12FD5D64DE30}.Debug|Any CPU.Build.0 = Debug|Any CPU
		{CEDF82D3-6851-4BC8-9E5E-12FD5D64DE30}.Release|Any CPU.ActiveCfg = Release|Any CPU
		{CEDF82D3-6851-4BC8-9E5E-12FD5D64DE30}.Release|Any CPU.Build.0 = Release|Any CPU
	EndGlobalSection
	GlobalSection(SolutionProperties) = preSolution
		HideSolutionNode = FALSE
	EndGlobalSection
	GlobalSection(Performance) = preSolution
		HasPerformanceSessions = true
	EndGlobalSection
EndGlobal
